// !$*UTF8*$!
{
	archiveVersion = 1;
	classes = {
	};
	objectVersion = 50;
	objects = {

/* Begin PBXBuildFile section */
		621466B726D8B3FB00F677E8 /* AppDelegate.swift in Sources */ = {isa = PBXBuildFile; fileRef = 621466B626D8B3FB00F677E8 /* AppDelegate.swift */; };
		621466B926D8B3FB00F677E8 /* SceneDelegate.swift in Sources */ = {isa = PBXBuildFile; fileRef = 621466B826D8B3FB00F677E8 /* SceneDelegate.swift */; };
		621466BB26D8B3FB00F677E8 /* ViewController.swift in Sources */ = {isa = PBXBuildFile; fileRef = 621466BA26D8B3FB00F677E8 /* ViewController.swift */; };
		621466BE26D8B3FB00F677E8 /* Main.storyboard in Resources */ = {isa = PBXBuildFile; fileRef = 621466BC26D8B3FB00F677E8 /* Main.storyboard */; };
		621466C326D8B3FC00F677E8 /* LaunchScreen.storyboard in Resources */ = {isa = PBXBuildFile; fileRef = 621466C126D8B3FC00F677E8 /* LaunchScreen.storyboard */; };
		621466D026D8B94B00F677E8 /* MyTableViewCell.swift in Sources */ = {isa = PBXBuildFile; fileRef = 621466CE26D8B94B00F677E8 /* MyTableViewCell.swift */; };
		621466D126D8B94B00F677E8 /* MyTableViewCell.xib in Resources */ = {isa = PBXBuildFile; fileRef = 621466CF26D8B94B00F677E8 /* MyTableViewCell.xib */; };
		621466D426D8C0AC00F677E8 /* YourTableViewCell.swift in Sources */ = {isa = PBXBuildFile; fileRef = 621466D226D8C0AC00F677E8 /* YourTableViewCell.swift */; };
		621466D526D8C0AC00F677E8 /* YourTableViewCell.xib in Resources */ = {isa = PBXBuildFile; fileRef = 621466D326D8C0AC00F677E8 /* YourTableViewCell.xib */; };
		ADEF646E270C645D00F1D2DB /* Assets.xcassets in Resources */ = {isa = PBXBuildFile; fileRef = ADEF646D270C645D00F1D2DB /* Assets.xcassets */; };
/* End PBXBuildFile section */

/* Begin PBXFileReference section */
		621466B326D8B3FB00F677E8 /* ChatApp.app */ = {isa = PBXFileReference; explicitFileType = wrapper.application; includeInIndex = 0; path = ChatApp.app; sourceTree = BUILT_PRODUCTS_DIR; };
		621466B626D8B3FB00F677E8 /* AppDelegate.swift */ = {isa = PBXFileReference; lastKnownFileType = sourcecode.swift; path = AppDelegate.swift; sourceTree = "<group>"; };
		621466B826D8B3FB00F677E8 /* SceneDelegate.swift */ = {isa = PBXFileReference; lastKnownFileType = sourcecode.swift; path = SceneDelegate.swift; sourceTree = "<group>"; };
		621466BA26D8B3FB00F677E8 /* ViewController.swift */ = {isa = PBXFileReference; lastKnownFileType = sourcecode.swift; path = ViewController.swift; sourceTree = "<group>"; };
		621466BD26D8B3FB00F677E8 /* Base */ = {isa = PBXFileReference; lastKnownFileType = file.storyboard; name = Base; path = Base.lproj/Main.storyboard; sourceTree = "<group>"; };
		621466C226D8B3FC00F677E8 /* Base */ = {isa = PBXFileReference; lastKnownFileType = file.storyboard; name = Base; path = Base.lproj/LaunchScreen.storyboard; sourceTree = "<group>"; };
		621466C426D8B3FC00F677E8 /* Info.plist */ = {isa = PBXFileReference; lastKnownFileType = text.plist.xml; path = Info.plist; sourceTree = "<group>"; };
		621466CE26D8B94B00F677E8 /* MyTableViewCell.swift */ = {isa = PBXFileReference; lastKnownFileType = sourcecode.swift; path = MyTableViewCell.swift; sourceTree = "<group>"; };
		621466CF26D8B94B00F677E8 /* MyTableViewCell.xib */ = {isa = PBXFileReference; lastKnownFileType = file.xib; path = MyTableViewCell.xib; sourceTree = "<group>"; };
		621466D226D8C0AC00F677E8 /* YourTableViewCell.swift */ = {isa = PBXFileReference; lastKnownFileType = sourcecode.swift; path = YourTableViewCell.swift; sourceTree = "<group>"; };
		621466D326D8C0AC00F677E8 /* YourTableViewCell.xib */ = {isa = PBXFileReference; lastKnownFileType = file.xib; path = YourTableViewCell.xib; sourceTree = "<group>"; };
		ADEF646D270C645D00F1D2DB /* Assets.xcassets */ = {isa = PBXFileReference; lastKnownFileType = folder.assetcatalog; path = Assets.xcassets; sourceTree = "<group>"; };
/* End PBXFileReference section */

/* Begin PBXFrameworksBuildPhase section */
		621466B026D8B3FB00F677E8 /* Frameworks */ = {
			isa = PBXFrameworksBuildPhase;
			buildActionMask = 2147483647;
			files = (
			);
			runOnlyForDeploymentPostprocessing = 0;
		};
/* End PBXFrameworksBuildPhase section */

/* Begin PBXGroup section */
		621466AA26D8B3FB00F677E8 = {
			isa = PBXGroup;
			children = (
				621466B526D8B3FB00F677E8 /* ChatApp */,
				621466B426D8B3FB00F677E8 /* Products */,
			);
			sourceTree = "<group>";
		};
		621466B426D8B3FB00F677E8 /* Products */ = {
			isa = PBXGroup;
			children = (
				621466B326D8B3FB00F677E8 /* ChatApp.app */,
			);
			name = Products;
			sourceTree = "<group>";
		};
		621466B526D8B3FB00F677E8 /* ChatApp */ = {
			isa = PBXGroup;
			children = (
				621466B626D8B3FB00F677E8 /* AppDelegate.swift */,
				621466B826D8B3FB00F677E8 /* SceneDelegate.swift */,
				621466BA26D8B3FB00F677E8 /* ViewController.swift */,
				621466BC26D8B3FB00F677E8 /* Main.storyboard */,
				621466CE26D8B94B00F677E8 /* MyTableViewCell.swift */,
				621466CF26D8B94B00F677E8 /* MyTableViewCell.xib */,
				621466D226D8C0AC00F677E8 /* YourTableViewCell.swift */,
				621466D326D8C0AC00F677E8 /* YourTableViewCell.xib */,
				621466C126D8B3FC00F677E8 /* LaunchScreen.storyboard */,
				621466C426D8B3FC00F677E8 /* Info.plist */,
				ADEF646D270C645D00F1D2DB /* Assets.xcassets */,
			);
			path = ChatApp;
			sourceTree = "<group>";
		};
/* End PBXGroup section */

/* Begin PBXNativeTarget section */
		621466B226D8B3FB00F677E8 /* ChatApp */ = {
			isa = PBXNativeTarget;
			buildConfigurationList = 621466C726D8B3FC00F677E8 /* Build configuration list for PBXNativeTarget "ChatApp" */;
			buildPhases = (
				621466AF26D8B3FB00F677E8 /* Sources */,
				621466B026D8B3FB00F677E8 /* Frameworks */,
				621466B126D8B3FB00F677E8 /* Resources */,
			);
			buildRules = (
			);
			dependencies = (
			);
			name = ChatApp;
			productName = ChatApp;
			productReference = 621466B326D8B3FB00F677E8 /* ChatApp.app */;
			productType = "com.apple.product-type.application";
		};
/* End PBXNativeTarget section */

/* Begin PBXProject section */
		621466AB26D8B3FB00F677E8 /* Project object */ = {
			isa = PBXProject;
			attributes = {
				LastSwiftUpdateCheck = 1250;
				LastUpgradeCheck = 1250;
				TargetAttributes = {
					621466B226D8B3FB00F677E8 = {
						CreatedOnToolsVersion = 12.5.1;
					};
				};
			};
			buildConfigurationList = 621466AE26D8B3FB00F677E8 /* Build configuration list for PBXProject "ChatApp" */;
			compatibilityVersion = "Xcode 9.3";
			developmentRegion = en;
			hasScannedForEncodings = 0;
			knownRegions = (
				en,
				Base,
			);
			mainGroup = 621466AA26D8B3FB00F677E8;
			productRefGroup = 621466B426D8B3FB00F677E8 /* Products */;
			projectDirPath = "";
			projectRoot = "";
			targets = (
				621466B226D8B3FB00F677E8 /* ChatApp */,
			);
		};
/* End PBXProject section */

/* Begin PBXResourcesBuildPhase section */
		621466B126D8B3FB00F677E8 /* Resources */ = {
			isa = PBXResourcesBuildPhase;
			buildActionMask = 2147483647;
			files = (
				621466C326D8B3FC00F677E8 /* LaunchScreen.storyboard in Resources */,
				621466D126D8B94B00F677E8 /* MyTableViewCell.xib in Resources */,
				621466D526D8C0AC00F677E8 /* YourTableViewCell.xib in Resources */,
				621466BE26D8B3FB00F677E8 /* Main.storyboard in Resources */,
				ADEF646E270C645D00F1D2DB /* Assets.xcassets in Resources */,
			);
			runOnlyForDeploymentPostprocessing = 0;
		};
/* End PBXResourcesBuildPhase section */

/* Begin PBXSourcesBuildPhase section */
		621466AF26D8B3FB00F677E8 /* Sources */ = {
			isa = PBXSourcesBuildPhase;
			buildActionMask = 2147483647;
			files = (
				621466D426D8C0AC00F677E8 /* YourTableViewCell.swift in Sources */,
				621466BB26D8B3FB00F677E8 /* ViewController.swift in Sources */,
				621466D026D8B94B00F677E8 /* MyTableViewCell.swift in Sources */,
				621466B726D8B3FB00F677E8 /* AppDelegate.swift in Sources */,
				621466B926D8B3FB00F677E8 /* SceneDelegate.swift in Sources */,
			);
			runOnlyForDeploymentPostprocessing = 0;
		};
/* End PBXSourcesBuildPhase section */

/* Begin PBXVariantGroup section */
		621466BC26D8B3FB00F677E8 /* Main.storyboard */ = {
			isa = PBXVariantGroup;
			children = (
				621466BD26D8B3FB00F677E8 /* Base */,
			);
			name = Main.storyboard;
			sourceTree = "<group>";
		};
		621466C126D8B3FC00F677E8 /* LaunchScreen.storyboard */ = {
			isa = PBXVariantGroup;
			children = (
				621466C226D8B3FC00F677E8 /* Base */,
			);
			name = LaunchScreen.storyboard;
			sourceTree = "<group>";
		};
/* End PBXVariantGroup section */

/* Begin XCBuildConfiguration section */
		621466C526D8B3FC00F677E8 /* Debug */ = {
			isa = XCBuildConfiguration;
			buildSettings = {
				ALWAYS_SEARCH_USER_PATHS = NO;
				CLANG_ANALYZER_NONNULL = YES;
				CLANG_ANALYZER_NUMBER_OBJECT_CONVERSION = YES_AGGRESSIVE;
				CLANG_CXX_LANGUAGE_STANDARD = "gnu++14";
				CLANG_CXX_LIBRARY = "libc++";
				CLANG_ENABLE_MODULES = YES;
				CLANG_ENABLE_OBJC_ARC = YES;
				CLANG_ENABLE_OBJC_WEAK = YES;
				CLANG_WARN_BLOCK_CAPTURE_AUTORELEASING = YES;
				CLANG_WARN_BOOL_CONVERSION = YES;
				CLANG_WARN_COMMA = YES;
				CLANG_WARN_CONSTANT_CONVERSION = YES;
				CLANG_WARN_DEPRECATED_OBJC_IMPLEMENTATIONS = YES;
				CLANG_WARN_DIRECT_OBJC_ISA_USAGE = YES_ERROR;
				CLANG_WARN_DOCUMENTATION_COMMENTS = YES;
				CLANG_WARN_EMPTY_BODY = YES;
				CLANG_WARN_ENUM_CONVERSION = YES;
				CLANG_WARN_INFINITE_RECURSION = YES;
				CLANG_WARN_INT_CONVERSION = YES;
				CLANG_WARN_NON_LITERAL_NULL_CONVERSION = YES;
				CLANG_WARN_OBJC_IMPLICIT_RETAIN_SELF = YES;
				CLANG_WARN_OBJC_LITERAL_CONVERSION = YES;
				CLANG_WARN_OBJC_ROOT_CLASS = YES_ERROR;
				CLANG_WARN_QUOTED_INCLUDE_IN_FRAMEWORK_HEADER = YES;
				CLANG_WARN_RANGE_LOOP_ANALYSIS = YES;
				CLANG_WARN_STRICT_PROTOTYPES = YES;
				CLANG_WARN_SUSPICIOUS_MOVE = YES;
				CLANG_WARN_UNGUARDED_AVAILABILITY = YES_AGGRESSIVE;
				CLANG_WARN_UNREACHABLE_CODE = YES;
				CLANG_WARN__DUPLICATE_METHOD_MATCH = YES;
				COPY_PHASE_STRIP = NO;
				DEBUG_INFORMATION_FORMAT = dwarf;
				ENABLE_STRICT_OBJC_MSGSEND = YES;
				ENABLE_TESTABILITY = YES;
				GCC_C_LANGUAGE_STANDARD = gnu11;
				GCC_DYNAMIC_NO_PIC = NO;
				GCC_NO_COMMON_BLOCKS = YES;
				GCC_OPTIMIZATION_LEVEL = 0;
				GCC_PREPROCESSOR_DEFINITIONS = (
					"DEBUG=1",
					"$(inherited)",
				);
				GCC_WARN_64_TO_32_BIT_CONVERSION = YES;
				GCC_WARN_ABOUT_RETURN_TYPE = YES_ERROR;
				GCC_WARN_UNDECLARED_SELECTOR = YES;
				GCC_WARN_UNINITIALIZED_AUTOS = YES_AGGRESSIVE;
				GCC_WARN_UNUSED_FUNCTION = YES;
				GCC_WARN_UNUSED_VARIABLE = YES;
				IPHONEOS_DEPLOYMENT_TARGET = 14.5;
				MTL_ENABLE_DEBUG_INFO = INCLUDE_SOURCE;
				MTL_FAST_MATH = YES;
				ONLY_ACTIVE_ARCH = YES;
				SDKROOT = iphoneos;
				SWIFT_ACTIVE_COMPILATION_CONDITIONS = DEBUG;
				SWIFT_OPTIMIZATION_LEVEL = "-Onone";
			};
			name = Debug;
		};
		621466C626D8B3FC00F677E8 /* Release */ = {
			isa = XCBuildConfiguration;
			buildSettings = {
				ALWAYS_SEARCH_USER_PATHS = NO;
				CLANG_ANALYZER_NONNULL = YES;
				CLANG_ANALYZER_NUMBER_OBJECT_CONVERSION = YES_AGGRESSIVE;
				CLANG_CXX_LANGUAGE_STANDARD = "gnu++14";
				CLANG_CXX_LIBRARY = "libc++";
				CLANG_ENABLE_MODULES = YES;
				CLANG_ENABLE_OBJC_ARC = YES;
				CLANG_ENABLE_OBJC_WEAK = YES;
				CLANG_WARN_BLOCK_CAPTURE_AUTORELEASING = YES;
				CLANG_WARN_BOOL_CONVERSION = YES;
				CLANG_WARN_COMMA = YES;
				CLANG_WARN_CONSTANT_CONVERSION = YES;
				CLANG_WARN_DEPRECATED_OBJC_IMPLEMENTATIONS = YES;
				CLANG_WARN_DIRECT_OBJC_ISA_USAGE = YES_ERROR;
				CLANG_WARN_DOCUMENTATION_COMMENTS = YES;
				CLANG_WARN_EMPTY_BODY = YES;
				CLANG_WARN_ENUM_CONVERSION = YES;
				CLANG_WARN_INFINITE_RECURSION = YES;
				CLANG_WARN_INT_CONVERSION = YES;
				CLANG_WARN_NON_LITERAL_NULL_CONVERSION = YES;
				CLANG_WARN_OBJC_IMPLICIT_RETAIN_SELF = YES;
				CLANG_WARN_OBJC_LITERAL_CONVERSION = YES;
				CLANG_WARN_OBJC_ROOT_CLASS = YES_ERROR;
				CLANG_WARN_QUOTED_INCLUDE_IN_FRAMEWORK_HEADER = YES;
				CLANG_WARN_RANGE_LOOP_ANALYSIS = YES;
				CLANG_WARN_STRICT_PROTOTYPES = YES;
				CLANG_WARN_SUSPICIOUS_MOVE = YES;
				CLANG_WARN_UNGUARDED_AVAILABILITY = YES_AGGRESSIVE;
				CLANG_WARN_UNREACHABLE_CODE = YES;
				CLANG_WARN__DUPLICATE_METHOD_MATCH = YES;
				COPY_PHASE_STRIP = NO;
				DEBUG_INFORMATION_FORMAT = "dwarf-with-dsym";
				ENABLE_NS_ASSERTIONS = NO;
				ENABLE_STRICT_OBJC_MSGSEND = YES;
				GCC_C_LANGUAGE_STANDARD = gnu11;
				GCC_NO_COMMON_BLOCKS = YES;
				GCC_WARN_64_TO_32_BIT_CONVERSION = YES;
				GCC_WARN_ABOUT_RETURN_TYPE = YES_ERROR;
				GCC_WARN_UNDECLARED_SELECTOR = YES;
				GCC_WARN_UNINITIALIZED_AUTOS = YES_AGGRESSIVE;
				GCC_WARN_UNUSED_FUNCTION = YES;
				GCC_WARN_UNUSED_VARIABLE = YES;
				IPHONEOS_DEPLOYMENT_TARGET = 14.5;
				MTL_ENABLE_DEBUG_INFO = NO;
				MTL_FAST_MATH = YES;
				SDKROOT = iphoneos;
				SWIFT_COMPILATION_MODE = wholemodule;
				SWIFT_OPTIMIZATION_LEVEL = "-O";
				VALIDATE_PRODUCT = YES;
			};
			name = Release;
		};
		621466C826D8B3FC00F677E8 /* Debug */ = {
			isa = XCBuildConfiguration;
			buildSettings = {
				ASSETCATALOG_COMPILER_APPICON_NAME = AppIcon;
				ASSETCATALOG_COMPILER_GLOBAL_ACCENT_COLOR_NAME = AccentColor;
				CODE_SIGN_STYLE = Automatic;
				DEVELOPMENT_TEAM = T7M9F527TU;
				INFOPLIST_FILE = ChatApp/Info.plist;
				LD_RUNPATH_SEARCH_PATHS = (
					"$(inherited)",
					"@executable_path/Frameworks",
				);
				PRODUCT_BUNDLE_IDENTIFIER = com.study.ios.ChatApp;
				PRODUCT_NAME = "$(TARGET_NAME)";
				SWIFT_VERSION = 5.0;
				TARGETED_DEVICE_FAMILY = "1,2";
			};
			name = Debug;
		};
		621466C926D8B3FC00F677E8 /* Release */ = {
			isa = XCBuildConfiguration;
			buildSettings = {
				ASSETCATALOG_COMPILER_APPICON_NAME = AppIcon;
				ASSETCATALOG_COMPILER_GLOBAL_ACCENT_COLOR_NAME = AccentColor;
				CODE_SIGN_STYLE = Automatic;
				DEVELOPMENT_TEAM = T7M9F527TU;
				INFOPLIST_FILE = ChatApp/Info.plist;
				LD_RUNPATH_SEARCH_PATHS = (
					"$(inherited)",
					"@executable_path/Frameworks",
				);
				PRODUCT_BUNDLE_IDENTIFIER = com.study.ios.ChatApp;
				PRODUCT_NAME = "$(TARGET_NAME)";
				SWIFT_VERSION = 5.0;
				TARGETED_DEVICE_FAMILY = "1,2";
			};
			name = Release;
		};
/* End XCBuildConfiguration section */

/* Begin XCConfigurationList section */
		621466AE26D8B3FB00F677E8 /* Build configuration list for PBXProject "ChatApp" */ = {
			isa = XCConfigurationList;
			buildConfigurations = (
				621466C526D8B3FC00F677E8 /* Debug */,
				621466C626D8B3FC00F677E8 /* Release */,
			);
			defaultConfigurationIsVisible = 0;
			defaultConfigurationName = Release;
		};
		621466C726D8B3FC00F677E8 /* Build configuration list for PBXNativeTarget "ChatApp" */ = {
			isa = XCConfigurationList;
			buildConfigurations = (
				621466C826D8B3FC00F677E8 /* Debug */,
				621466C926D8B3FC00F677E8 /* Release */,
			);
			defaultConfigurationIsVisible = 0;
			defaultConfigurationName = Release;
		};
/* End XCConfigurationList section */
	};
	rootObject = 621466AB26D8B3FB00F677E8 /* Project object */;
}
